
Microsoft Visual Studio Solution File, Format Version 12.00
# Visual Studio Version 17
VisualStudioVersion = 17.11.35327.3
MinimumVisualStudioVersion = 10.0.40219.1
Project("{FAE04EC0-301F-11D3-BF4B-00C04F79EFBC}") = "TypesCS", "TypesCS\TypesCS.csproj", "{9EB31CE3-8CB6-4B86-BE61-B4A913267729}"
EndProject
Global
	GlobalSection(SolutionConfigurationPlatforms) = preSolution
		Debug|Any CPU = Debug|Any CPU
		Release|Any CPU = Release|Any CPU
	EndGlobalSection
	GlobalSection(ProjectConfigurationPlatforms) = postSolution
		{9EB31CE3-8CB6-4B86-BE61-B4A913267729}.Debug|Any CPU.ActiveCfg = Debug|Any CPU
		{9EB31CE3-8CB6-4B86-BE61-B4A913267729}.Debug|Any CPU.Build.0 = Debug|Any CPU
		{9EB31CE3-8CB6-4B86-BE61-B4A913267729}.Release|Any CPU.ActiveCfg = Release|Any CPU
		{9EB31CE3-8CB6-4B86-BE61-B4A913267729}.Release|Any CPU.Build.0 = Release|Any CPU
	EndGlobalSection
	GlobalSection(SolutionProperties) = preSolution
		HideSolutionNode = FALSE
	EndGlobalSection
	GlobalSection(ExtensibilityGlobals) = postSolution
		SolutionGuid = {9F71B129-E7E9-4D5C-BD58-AA6F2082A4F2}
	EndGlobalSection
EndGlobal
